
Microsoft Visual Studio Solution File, Format Version 12.00
# Visual Studio Version 17
VisualStudioVersion = 17.2.32616.157
MinimumVisualStudioVersion = 10.0.40219.1
Project("{9A19103F-16F7-4668-BE54-9A1E7A4F7556}") = "UJYA04_HFT_20222023.Client", "UJYA04_HFT_20222023.Client\UJYA04_HFT_20222023.Client.csproj", "{BC1D6878-00AF-4F52-BF1E-3F48CFA84859}"
EndProject
Project("{9A19103F-16F7-4668-BE54-9A1E7A4F7556}") = "UJYA04_HFT_20222023.Models", "UJYA04_HFT_20222023.Models\UJYA04_HFT_20222023.Models.csproj", "{1FB192EE-0EBC-43F6-BB35-ED170C2860B8}"
EndProject
Project("{9A19103F-16F7-4668-BE54-9A1E7A4F7556}") = "UJYA04_HFT_20222023.Logic", "UJYA04_HFT_20222023.Logic\UJYA04_HFT_20222023.Logic.csproj", "{09A53865-77A2-4AF3-A592-AAD18DF8865B}"
EndProject
Project("{9A19103F-16F7-4668-BE54-9A1E7A4F7556}") = "UJYA04_HFT_20222023.Repository", "UJYA04_HFT_20222023.Repository\UJYA04_HFT_20222023.Repository.csproj", "{8060935A-D620-4ECD-9C4F-3E1BDAB61968}"
EndProject
Project("{9A19103F-16F7-4668-BE54-9A1E7A4F7556}") = "UJYA04_HFT_20222023.Test", "UJYA04_HFT_20222023.Test\UJYA04_HFT_20222023.Test.csproj", "{B3073807-8F3D-4DD4-8693-7EEEF59203A8}"
EndProject
Project("{2150E333-8FDC-42A3-9474-1A3956D46DE8}") = "Backend", "Backend", "{E244AFC6-2FB0-4D61-AF2A-5BDE1D7C08BD}"
EndProject
Project("{2150E333-8FDC-42A3-9474-1A3956D46DE8}") = "Frontend", "Frontend", "{EEC9C881-A2D4-4BCA-916E-CE4349441C2D}"
EndProject
Project("{2150E333-8FDC-42A3-9474-1A3956D46DE8}") = "Shared", "Shared", "{2E93179F-4EBC-4372-B4F3-E6700AAA34D9}"
EndProject
Project("{9A19103F-16F7-4668-BE54-9A1E7A4F7556}") = "UJYA04_HFT_20222023.Endpoint", "UJYA04_HFT_20222023.Endpoint\UJYA04_HFT_20222023.Endpoint.csproj", "{DF5B0C83-6891-42AD-BC12-C7AD4393F035}"
EndProject
Project("{FAE04EC0-301F-11D3-BF4B-00C04F79EFBC}") = "UJYA04_HFT_20222023.WpfClient", "UJYA04_HFT_20222023\UJYA04_HFT_20222023.WpfClient.csproj", "{60C0D7CB-5DD7-48CF-8271-DC3D50179291}"
EndProject
Global
	GlobalSection(SolutionConfigurationPlatforms) = preSolution
		Debug|Any CPU = Debug|Any CPU
		Release|Any CPU = Release|Any CPU
	EndGlobalSection
	GlobalSection(ProjectConfigurationPlatforms) = postSolution
		{BC1D6878-00AF-4F52-BF1E-3F48CFA84859}.Debug|Any CPU.ActiveCfg = Debug|Any CPU
		{BC1D6878-00AF-4F52-BF1E-3F48CFA84859}.Debug|Any CPU.Build.0 = Debug|Any CPU
		{BC1D6878-00AF-4F52-BF1E-3F48CFA84859}.Release|Any CPU.ActiveCfg = Release|Any CPU
		{BC1D6878-00AF-4F52-BF1E-3F48CFA84859}.Release|Any CPU.Build.0 = Release|Any CPU
		{1FB192EE-0EBC-43F6-BB35-ED170C2860B8}.Debug|Any CPU.ActiveCfg = Debug|Any CPU
		{1FB192EE-0EBC-43F6-BB35-ED170C2860B8}.Debug|Any CPU.Build.0 = Debug|Any CPU
		{1FB192EE-0EBC-43F6-BB35-ED170C2860B8}.Release|Any CPU.ActiveCfg = Release|Any CPU
		{1FB192EE-0EBC-43F6-BB35-ED170C2860B8}.Release|Any CPU.Build.0 = Release|Any CPU
		{09A53865-77A2-4AF3-A592-AAD18DF8865B}.Debug|Any CPU.ActiveCfg = Debug|Any CPU
		{09A53865-77A2-4AF3-A592-AAD18DF8865B}.Debug|Any CPU.Build.0 = Debug|Any CPU
		{09A53865-77A2-4AF3-A592-AAD18DF8865B}.Release|Any CPU.ActiveCfg = Release|Any CPU
		{09A53865-77A2-4AF3-A592-AAD18DF8865B}.Release|Any CPU.Build.0 = Release|Any CPU
		{8060935A-D620-4ECD-9C4F-3E1BDAB61968}.Debug|Any CPU.ActiveCfg = Debug|Any CPU
		{8060935A-D620-4ECD-9C4F-3E1BDAB61968}.Debug|Any CPU.Build.0 = Debug|Any CPU
		{8060935A-D620-4ECD-9C4F-3E1BDAB61968}.Release|Any CPU.ActiveCfg = Release|Any CPU
		{8060935A-D620-4ECD-9C4F-3E1BDAB61968}.Release|Any CPU.Build.0 = Release|Any CPU
		{B3073807-8F3D-4DD4-8693-7EEEF59203A8}.Debug|Any CPU.ActiveCfg = Debug|Any CPU
		{B3073807-8F3D-4DD4-8693-7EEEF59203A8}.Debug|Any CPU.Build.0 = Debug|Any CPU
		{B3073807-8F3D-4DD4-8693-7EEEF59203A8}.Release|Any CPU.ActiveCfg = Release|Any CPU
		{B3073807-8F3D-4DD4-8693-7EEEF59203A8}.Release|Any CPU.Build.0 = Release|Any CPU
		{DF5B0C83-6891-42AD-BC12-C7AD4393F035}.Debug|Any CPU.ActiveCfg = Debug|Any CPU
		{DF5B0C83-6891-42AD-BC12-C7AD4393F035}.Debug|Any CPU.Build.0 = Debug|Any CPU
		{DF5B0C83-6891-42AD-BC12-C7AD4393F035}.Release|Any CPU.ActiveCfg = Release|Any CPU
		{DF5B0C83-6891-42AD-BC12-C7AD4393F035}.Release|Any CPU.Build.0 = Release|Any CPU
		{60C0D7CB-5DD7-48CF-8271-DC3D50179291}.Debug|Any CPU.ActiveCfg = Debug|Any CPU
		{60C0D7CB-5DD7-48CF-8271-DC3D50179291}.Debug|Any CPU.Build.0 = Debug|Any CPU
		{60C0D7CB-5DD7-48CF-8271-DC3D50179291}.Release|Any CPU.ActiveCfg = Release|Any CPU
		{60C0D7CB-5DD7-48CF-8271-DC3D50179291}.Release|Any CPU.Build.0 = Release|Any CPU
	EndGlobalSection
	GlobalSection(SolutionProperties) = preSolution
		HideSolutionNode = FALSE
	EndGlobalSection
	GlobalSection(NestedProjects) = preSolution
		{BC1D6878-00AF-4F52-BF1E-3F48CFA84859} = {EEC9C881-A2D4-4BCA-916E-CE4349441C2D}
		{1FB192EE-0EBC-43F6-BB35-ED170C2860B8} = {2E93179F-4EBC-4372-B4F3-E6700AAA34D9}
		{09A53865-77A2-4AF3-A592-AAD18DF8865B} = {E244AFC6-2FB0-4D61-AF2A-5BDE1D7C08BD}
		{8060935A-D620-4ECD-9C4F-3E1BDAB61968} = {E244AFC6-2FB0-4D61-AF2A-5BDE1D7C08BD}
		{B3073807-8F3D-4DD4-8693-7EEEF59203A8} = {E244AFC6-2FB0-4D61-AF2A-5BDE1D7C08BD}
		{DF5B0C83-6891-42AD-BC12-C7AD4393F035} = {E244AFC6-2FB0-4D61-AF2A-5BDE1D7C08BD}
		{60C0D7CB-5DD7-48CF-8271-DC3D50179291} = {EEC9C881-A2D4-4BCA-916E-CE4349441C2D}
	EndGlobalSection
	GlobalSection(ExtensibilityGlobals) = postSolution
		SolutionGuid = {96CC0141-A95B-4731-BE77-0E0729516567}
	EndGlobalSection
EndGlobal
